// !$*UTF8*$!
{
	archiveVersion = 1;
	classes = {
	};
	objectVersion = 46;
	objects = {

/* Begin PBXBuildFile section */
		329E9BC01CB42057004E1B62 /* GigrUITests.swift in Sources */ = {isa = PBXBuildFile; fileRef = 329E9BBF1CB42057004E1B62 /* GigrUITests.swift */; };
		A99CC6009B29EC793BD9C677 /* Pods_Gigr.framework in Frameworks */ = {isa = PBXBuildFile; fileRef = 30F919020F7809593CCBF949 /* Pods_Gigr.framework */; };
		FF8743E71D0B5D43002F8AE9 /* DataService.swift in Sources */ = {isa = PBXBuildFile; fileRef = FF8743B21D0B5D43002F8AE9 /* DataService.swift */; };
		FF8743E81D0B5D43002F8AE9 /* AgreementsVC.swift in Sources */ = {isa = PBXBuildFile; fileRef = FF8743B51D0B5D43002F8AE9 /* AgreementsVC.swift */; };
		FF8743E91D0B5D43002F8AE9 /* EditProfileVC.swift in Sources */ = {isa = PBXBuildFile; fileRef = FF8743B61D0B5D43002F8AE9 /* EditProfileVC.swift */; };
		FF8743EA1D0B5D43002F8AE9 /* FavoritedPeopleVC.swift in Sources */ = {isa = PBXBuildFile; fileRef = FF8743B71D0B5D43002F8AE9 /* FavoritedPeopleVC.swift */; };
		FF8743EB1D0B5D43002F8AE9 /* FeedGigsVC.swift in Sources */ = {isa = PBXBuildFile; fileRef = FF8743B81D0B5D43002F8AE9 /* FeedGigsVC.swift */; };
		FF8743EC1D0B5D43002F8AE9 /* FilterVC.swift in Sources */ = {isa = PBXBuildFile; fileRef = FF8743B91D0B5D43002F8AE9 /* FilterVC.swift */; };
		FF8743ED1D0B5D43002F8AE9 /* GigHunterProfileVC.swift in Sources */ = {isa = PBXBuildFile; fileRef = FF8743BA1D0B5D43002F8AE9 /* GigHunterProfileVC.swift */; };
		FF8743EE1D0B5D43002F8AE9 /* LoginVC.swift in Sources */ = {isa = PBXBuildFile; fileRef = FF8743BB1D0B5D43002F8AE9 /* LoginVC.swift */; };
		FF8743EF1D0B5D43002F8AE9 /* MyPostDetailVC.swift in Sources */ = {isa = PBXBuildFile; fileRef = FF8743BC1D0B5D43002F8AE9 /* MyPostDetailVC.swift */; };
		FF8743F01D0B5D43002F8AE9 /* MyPostsVC.swift in Sources */ = {isa = PBXBuildFile; fileRef = FF8743BD1D0B5D43002F8AE9 /* MyPostsVC.swift */; };
		FF8743F11D0B5D43002F8AE9 /* PostNewGigVC.swift in Sources */ = {isa = PBXBuildFile; fileRef = FF8743BE1D0B5D43002F8AE9 /* PostNewGigVC.swift */; };
		FF8743F21D0B5D43002F8AE9 /* PresentationAnimVC.swift in Sources */ = {isa = PBXBuildFile; fileRef = FF8743BF1D0B5D43002F8AE9 /* PresentationAnimVC.swift */; };
		FF8743F31D0B5D43002F8AE9 /* PresentationVC.swift in Sources */ = {isa = PBXBuildFile; fileRef = FF8743C01D0B5D43002F8AE9 /* PresentationVC.swift */; };
		FF8743F41D0B5D43002F8AE9 /* UserPostsVC.swift in Sources */ = {isa = PBXBuildFile; fileRef = FF8743C11D0B5D43002F8AE9 /* UserPostsVC.swift */; };
		FF8743F51D0B5D43002F8AE9 /* Gig.swift in Sources */ = {isa = PBXBuildFile; fileRef = FF8743C31D0B5D43002F8AE9 /* Gig.swift */; };
		FF8743F61D0B5D43002F8AE9 /* GigHunter.swift in Sources */ = {isa = PBXBuildFile; fileRef = FF8743C41D0B5D43002F8AE9 /* GigHunter.swift */; };
		FF8743F71D0B5D43002F8AE9 /* AnimationEngine.swift in Sources */ = {isa = PBXBuildFile; fileRef = FF8743C61D0B5D43002F8AE9 /* AnimationEngine.swift */; };
		FF8743F81D0B5D43002F8AE9 /* FavButton.swift in Sources */ = {isa = PBXBuildFile; fileRef = FF8743C71D0B5D43002F8AE9 /* FavButton.swift */; };
		FF8743F91D0B5D43002F8AE9 /* FormLabel.swift in Sources */ = {isa = PBXBuildFile; fileRef = FF8743C81D0B5D43002F8AE9 /* FormLabel.swift */; };
		FF8743FA1D0B5D43002F8AE9 /* GigHunterCell.swift in Sources */ = {isa = PBXBuildFile; fileRef = FF8743C91D0B5D43002F8AE9 /* GigHunterCell.swift */; };
		FF8743FB1D0B5D43002F8AE9 /* LaunchScreen.storyboard in Resources */ = {isa = PBXBuildFile; fileRef = FF8743CA1D0B5D43002F8AE9 /* LaunchScreen.storyboard */; };
		FF8743FC1D0B5D43002F8AE9 /* Main.storyboard in Resources */ = {isa = PBXBuildFile; fileRef = FF8743CB1D0B5D43002F8AE9 /* Main.storyboard */; };
		FF8743FD1D0B5D43002F8AE9 /* MaterialButton.swift in Sources */ = {isa = PBXBuildFile; fileRef = FF8743CC1D0B5D43002F8AE9 /* MaterialButton.swift */; };
		FF8743FE1D0B5D43002F8AE9 /* MaterialTextField.swift in Sources */ = {isa = PBXBuildFile; fileRef = FF8743CD1D0B5D43002F8AE9 /* MaterialTextField.swift */; };
		FF8743FF1D0B5D43002F8AE9 /* MaterialTextView.swift in Sources */ = {isa = PBXBuildFile; fileRef = FF8743CE1D0B5D43002F8AE9 /* MaterialTextView.swift */; };
		FF8744001D0B5D43002F8AE9 /* MyPostCell.swift in Sources */ = {isa = PBXBuildFile; fileRef = FF8743CF1D0B5D43002F8AE9 /* MyPostCell.swift */; };
		FF8744011D0B5D43002F8AE9 /* PostCell.swift in Sources */ = {isa = PBXBuildFile; fileRef = FF8743D01D0B5D43002F8AE9 /* PostCell.swift */; };
		FF8744021D0B5D43002F8AE9 /* UserPostCell.swift in Sources */ = {isa = PBXBuildFile; fileRef = FF8743D11D0B5D43002F8AE9 /* UserPostCell.swift */; };
		FF8744031D0B5D43002F8AE9 /* WhoAppliedCell.swift in Sources */ = {isa = PBXBuildFile; fileRef = FF8743D21D0B5D43002F8AE9 /* WhoAppliedCell.swift */; };
		FF8744041D0B5D43002F8AE9 /* AppDelegate.swift in Sources */ = {isa = PBXBuildFile; fileRef = FF8743D51D0B5D43002F8AE9 /* AppDelegate.swift */; };
		FF8744051D0B5D43002F8AE9 /* Assets.xcassets in Resources */ = {isa = PBXBuildFile; fileRef = FF8743D61D0B5D43002F8AE9 /* Assets.xcassets */; };
		FF8744061D0B5D43002F8AE9 /* Constants.swift in Sources */ = {isa = PBXBuildFile; fileRef = FF8743D81D0B5D43002F8AE9 /* Constants.swift */; };
		FF8744071D0B5D43002F8AE9 /* Gigr.xcdatamodeld in Sources */ = {isa = PBXBuildFile; fileRef = FF8743DA1D0B5D43002F8AE9 /* Gigr.xcdatamodeld */; };
		FF8744081D0B5D43002F8AE9 /* GooglePlacesAutocomplete.swift in Sources */ = {isa = PBXBuildFile; fileRef = FF8743DD1D0B5D43002F8AE9 /* GooglePlacesAutocomplete.swift */; };
		FF8744091D0B5D43002F8AE9 /* GooglePlacesAutocomplete.xib in Resources */ = {isa = PBXBuildFile; fileRef = FF8743DE1D0B5D43002F8AE9 /* GooglePlacesAutocomplete.xib */; };
		FF87440A1D0B5D43002F8AE9 /* GoogleService-Info.plist in Resources */ = {isa = PBXBuildFile; fileRef = FF8743DF1D0B5D43002F8AE9 /* GoogleService-Info.plist */; };
		FF87440B1D0B5D43002F8AE9 /* Info.plist in Resources */ = {isa = PBXBuildFile; fileRef = FF8743E01D0B5D43002F8AE9 /* Info.plist */; };
		FF87440C1D0B5D43002F8AE9 /* lemon.ttf in Resources */ = {isa = PBXBuildFile; fileRef = FF8743E21D0B5D43002F8AE9 /* lemon.ttf */; };
		FF87440D1D0B5D43002F8AE9 /* NotoSans-Bold.ttf in Resources */ = {isa = PBXBuildFile; fileRef = FF8743E31D0B5D43002F8AE9 /* NotoSans-Bold.ttf */; };
		FF87440E1D0B5D43002F8AE9 /* NotoSans-BoldItalic.ttf in Resources */ = {isa = PBXBuildFile; fileRef = FF8743E41D0B5D43002F8AE9 /* NotoSans-BoldItalic.ttf */; };
		FF87440F1D0B5D43002F8AE9 /* NotoSans-Italic.ttf in Resources */ = {isa = PBXBuildFile; fileRef = FF8743E51D0B5D43002F8AE9 /* NotoSans-Italic.ttf */; };
		FF8744101D0B5D43002F8AE9 /* NotoSans-Regular.ttf in Resources */ = {isa = PBXBuildFile; fileRef = FF8743E61D0B5D43002F8AE9 /* NotoSans-Regular.ttf */; };
/* End PBXBuildFile section */

/* Begin PBXContainerItemProxy section */
		329E9BC21CB42057004E1B62 /* PBXContainerItemProxy */ = {
			isa = PBXContainerItemProxy;
			containerPortal = 326401E01CA0E90E0002DDBD /* Project object */;
			proxyType = 1;
			remoteGlobalIDString = 326401E71CA0E90E0002DDBD;
			remoteInfo = Gigr;
		};
/* End PBXContainerItemProxy section */

/* Begin PBXFileReference section */
		00B505B6498DD75250542765 /* Pods-Gigr.release.xcconfig */ = {isa = PBXFileReference; includeInIndex = 1; lastKnownFileType = text.xcconfig; name = "Pods-Gigr.release.xcconfig"; path = "Pods/Target Support Files/Pods-Gigr/Pods-Gigr.release.xcconfig"; sourceTree = "<group>"; };
		24C6263ABD781E8EB70F8B8B /* Pods-Gigr.debug.xcconfig */ = {isa = PBXFileReference; includeInIndex = 1; lastKnownFileType = text.xcconfig; name = "Pods-Gigr.debug.xcconfig"; path = "Pods/Target Support Files/Pods-Gigr/Pods-Gigr.debug.xcconfig"; sourceTree = "<group>"; };
		30F919020F7809593CCBF949 /* Pods_Gigr.framework */ = {isa = PBXFileReference; explicitFileType = wrapper.framework; includeInIndex = 0; path = Pods_Gigr.framework; sourceTree = BUILT_PRODUCTS_DIR; };
		326401E81CA0E90E0002DDBD /* Gigr.app */ = {isa = PBXFileReference; explicitFileType = wrapper.application; includeInIndex = 0; path = Gigr.app; sourceTree = BUILT_PRODUCTS_DIR; };
		329E9BBD1CB42057004E1B62 /* GigrUITests.xctest */ = {isa = PBXFileReference; explicitFileType = wrapper.cfbundle; includeInIndex = 0; path = GigrUITests.xctest; sourceTree = BUILT_PRODUCTS_DIR; };
		329E9BBF1CB42057004E1B62 /* GigrUITests.swift */ = {isa = PBXFileReference; lastKnownFileType = sourcecode.swift; path = GigrUITests.swift; sourceTree = "<group>"; };
		329E9BC11CB42057004E1B62 /* Info.plist */ = {isa = PBXFileReference; lastKnownFileType = text.plist.xml; path = Info.plist; sourceTree = "<group>"; };
		FF8743B21D0B5D43002F8AE9 /* DataService.swift */ = {isa = PBXFileReference; fileEncoding = 4; lastKnownFileType = sourcecode.swift; path = DataService.swift; sourceTree = "<group>"; };
		FF8743B51D0B5D43002F8AE9 /* AgreementsVC.swift */ = {isa = PBXFileReference; fileEncoding = 4; lastKnownFileType = sourcecode.swift; path = AgreementsVC.swift; sourceTree = "<group>"; };
		FF8743B61D0B5D43002F8AE9 /* EditProfileVC.swift */ = {isa = PBXFileReference; fileEncoding = 4; lastKnownFileType = sourcecode.swift; path = EditProfileVC.swift; sourceTree = "<group>"; };
		FF8743B71D0B5D43002F8AE9 /* FavoritedPeopleVC.swift */ = {isa = PBXFileReference; fileEncoding = 4; lastKnownFileType = sourcecode.swift; path = FavoritedPeopleVC.swift; sourceTree = "<group>"; };
		FF8743B81D0B5D43002F8AE9 /* FeedGigsVC.swift */ = {isa = PBXFileReference; fileEncoding = 4; lastKnownFileType = sourcecode.swift; path = FeedGigsVC.swift; sourceTree = "<group>"; };
		FF8743B91D0B5D43002F8AE9 /* FilterVC.swift */ = {isa = PBXFileReference; fileEncoding = 4; lastKnownFileType = sourcecode.swift; path = FilterVC.swift; sourceTree = "<group>"; };
		FF8743BA1D0B5D43002F8AE9 /* GigHunterProfileVC.swift */ = {isa = PBXFileReference; fileEncoding = 4; lastKnownFileType = sourcecode.swift; path = GigHunterProfileVC.swift; sourceTree = "<group>"; };
		FF8743BB1D0B5D43002F8AE9 /* LoginVC.swift */ = {isa = PBXFileReference; fileEncoding = 4; lastKnownFileType = sourcecode.swift; path = LoginVC.swift; sourceTree = "<group>"; };
		FF8743BC1D0B5D43002F8AE9 /* MyPostDetailVC.swift */ = {isa = PBXFileReference; fileEncoding = 4; lastKnownFileType = sourcecode.swift; path = MyPostDetailVC.swift; sourceTree = "<group>"; };
		FF8743BD1D0B5D43002F8AE9 /* MyPostsVC.swift */ = {isa = PBXFileReference; fileEncoding = 4; lastKnownFileType = sourcecode.swift; path = MyPostsVC.swift; sourceTree = "<group>"; };
		FF8743BE1D0B5D43002F8AE9 /* PostNewGigVC.swift */ = {isa = PBXFileReference; fileEncoding = 4; lastKnownFileType = sourcecode.swift; path = PostNewGigVC.swift; sourceTree = "<group>"; };
		FF8743BF1D0B5D43002F8AE9 /* PresentationAnimVC.swift */ = {isa = PBXFileReference; fileEncoding = 4; lastKnownFileType = sourcecode.swift; path = PresentationAnimVC.swift; sourceTree = "<group>"; };
		FF8743C01D0B5D43002F8AE9 /* PresentationVC.swift */ = {isa = PBXFileReference; fileEncoding = 4; lastKnownFileType = sourcecode.swift; path = PresentationVC.swift; sourceTree = "<group>"; };
		FF8743C11D0B5D43002F8AE9 /* UserPostsVC.swift */ = {isa = PBXFileReference; fileEncoding = 4; lastKnownFileType = sourcecode.swift; path = UserPostsVC.swift; sourceTree = "<group>"; };
		FF8743C31D0B5D43002F8AE9 /* Gig.swift */ = {isa = PBXFileReference; fileEncoding = 4; lastKnownFileType = sourcecode.swift; path = Gig.swift; sourceTree = "<group>"; };
		FF8743C41D0B5D43002F8AE9 /* GigHunter.swift */ = {isa = PBXFileReference; fileEncoding = 4; lastKnownFileType = sourcecode.swift; path = GigHunter.swift; sourceTree = "<group>"; };
		FF8743C61D0B5D43002F8AE9 /* AnimationEngine.swift */ = {isa = PBXFileReference; fileEncoding = 4; lastKnownFileType = sourcecode.swift; path = AnimationEngine.swift; sourceTree = "<group>"; };
		FF8743C71D0B5D43002F8AE9 /* FavButton.swift */ = {isa = PBXFileReference; fileEncoding = 4; lastKnownFileType = sourcecode.swift; path = FavButton.swift; sourceTree = "<group>"; };
		FF8743C81D0B5D43002F8AE9 /* FormLabel.swift */ = {isa = PBXFileReference; fileEncoding = 4; lastKnownFileType = sourcecode.swift; path = FormLabel.swift; sourceTree = "<group>"; };
		FF8743C91D0B5D43002F8AE9 /* GigHunterCell.swift */ = {isa = PBXFileReference; fileEncoding = 4; lastKnownFileType = sourcecode.swift; path = GigHunterCell.swift; sourceTree = "<group>"; };
		FF8743CA1D0B5D43002F8AE9 /* LaunchScreen.storyboard */ = {isa = PBXFileReference; fileEncoding = 4; lastKnownFileType = file.storyboard; path = LaunchScreen.storyboard; sourceTree = "<group>"; };
		FF8743CB1D0B5D43002F8AE9 /* Main.storyboard */ = {isa = PBXFileReference; fileEncoding = 4; lastKnownFileType = file.storyboard; path = Main.storyboard; sourceTree = "<group>"; };
		FF8743CC1D0B5D43002F8AE9 /* MaterialButton.swift */ = {isa = PBXFileReference; fileEncoding = 4; lastKnownFileType = sourcecode.swift; path = MaterialButton.swift; sourceTree = "<group>"; };
		FF8743CD1D0B5D43002F8AE9 /* MaterialTextField.swift */ = {isa = PBXFileReference; fileEncoding = 4; lastKnownFileType = sourcecode.swift; path = MaterialTextField.swift; sourceTree = "<group>"; };
		FF8743CE1D0B5D43002F8AE9 /* MaterialTextView.swift */ = {isa = PBXFileReference; fileEncoding = 4; lastKnownFileType = sourcecode.swift; path = MaterialTextView.swift; sourceTree = "<group>"; };
		FF8743CF1D0B5D43002F8AE9 /* MyPostCell.swift */ = {isa = PBXFileReference; fileEncoding = 4; lastKnownFileType = sourcecode.swift; path = MyPostCell.swift; sourceTree = "<group>"; };
		FF8743D01D0B5D43002F8AE9 /* PostCell.swift */ = {isa = PBXFileReference; fileEncoding = 4; lastKnownFileType = sourcecode.swift; path = PostCell.swift; sourceTree = "<group>"; };
		FF8743D11D0B5D43002F8AE9 /* UserPostCell.swift */ = {isa = PBXFileReference; fileEncoding = 4; lastKnownFileType = sourcecode.swift; path = UserPostCell.swift; sourceTree = "<group>"; };
		FF8743D21D0B5D43002F8AE9 /* WhoAppliedCell.swift */ = {isa = PBXFileReference; fileEncoding = 4; lastKnownFileType = sourcecode.swift; path = WhoAppliedCell.swift; sourceTree = "<group>"; };
		FF8743D51D0B5D43002F8AE9 /* AppDelegate.swift */ = {isa = PBXFileReference; fileEncoding = 4; lastKnownFileType = sourcecode.swift; path = AppDelegate.swift; sourceTree = "<group>"; };
		FF8743D61D0B5D43002F8AE9 /* Assets.xcassets */ = {isa = PBXFileReference; lastKnownFileType = folder.assetcatalog; path = Assets.xcassets; sourceTree = "<group>"; };
		FF8743D81D0B5D43002F8AE9 /* Constants.swift */ = {isa = PBXFileReference; fileEncoding = 4; lastKnownFileType = sourcecode.swift; path = Constants.swift; sourceTree = "<group>"; };
		FF8743D91D0B5D43002F8AE9 /* Gigr-Bridging-Header.h */ = {isa = PBXFileReference; fileEncoding = 4; lastKnownFileType = sourcecode.c.h; path = "Gigr-Bridging-Header.h"; sourceTree = "<group>"; };
		FF8743DB1D0B5D43002F8AE9 /* Gigr.xcdatamodel */ = {isa = PBXFileReference; lastKnownFileType = wrapper.xcdatamodel; path = Gigr.xcdatamodel; sourceTree = "<group>"; };
		FF8743DD1D0B5D43002F8AE9 /* GooglePlacesAutocomplete.swift */ = {isa = PBXFileReference; fileEncoding = 4; lastKnownFileType = sourcecode.swift; path = GooglePlacesAutocomplete.swift; sourceTree = "<group>"; };
		FF8743DE1D0B5D43002F8AE9 /* GooglePlacesAutocomplete.xib */ = {isa = PBXFileReference; fileEncoding = 4; lastKnownFileType = file.xib; path = GooglePlacesAutocomplete.xib; sourceTree = "<group>"; };
		FF8743DF1D0B5D43002F8AE9 /* GoogleService-Info.plist */ = {isa = PBXFileReference; fileEncoding = 4; lastKnownFileType = text.plist.xml; path = "GoogleService-Info.plist"; sourceTree = "<group>"; };
		FF8743E01D0B5D43002F8AE9 /* Info.plist */ = {isa = PBXFileReference; fileEncoding = 4; lastKnownFileType = text.plist.xml; path = Info.plist; sourceTree = "<group>"; };
		FF8743E21D0B5D43002F8AE9 /* lemon.ttf */ = {isa = PBXFileReference; lastKnownFileType = file; path = lemon.ttf; sourceTree = "<group>"; };
		FF8743E31D0B5D43002F8AE9 /* NotoSans-Bold.ttf */ = {isa = PBXFileReference; lastKnownFileType = file; path = "NotoSans-Bold.ttf"; sourceTree = "<group>"; };
		FF8743E41D0B5D43002F8AE9 /* NotoSans-BoldItalic.ttf */ = {isa = PBXFileReference; lastKnownFileType = file; path = "NotoSans-BoldItalic.ttf"; sourceTree = "<group>"; };
		FF8743E51D0B5D43002F8AE9 /* NotoSans-Italic.ttf */ = {isa = PBXFileReference; lastKnownFileType = file; path = "NotoSans-Italic.ttf"; sourceTree = "<group>"; };
		FF8743E61D0B5D43002F8AE9 /* NotoSans-Regular.ttf */ = {isa = PBXFileReference; lastKnownFileType = file; path = "NotoSans-Regular.ttf"; sourceTree = "<group>"; };
/* End PBXFileReference section */

/* Begin PBXFrameworksBuildPhase section */
		326401E51CA0E90E0002DDBD /* Frameworks */ = {
			isa = PBXFrameworksBuildPhase;
			buildActionMask = 2147483647;
			files = (
				A99CC6009B29EC793BD9C677 /* Pods_Gigr.framework in Frameworks */,
			);
			runOnlyForDeploymentPostprocessing = 0;
		};
		329E9BBA1CB42057004E1B62 /* Frameworks */ = {
			isa = PBXFrameworksBuildPhase;
			buildActionMask = 2147483647;
			files = (
			);
			runOnlyForDeploymentPostprocessing = 0;
		};
/* End PBXFrameworksBuildPhase section */

/* Begin PBXGroup section */
		326401DF1CA0E90E0002DDBD = {
			isa = PBXGroup;
			children = (
				326401EA1CA0E90E0002DDBD /* Gigr */,
				329E9BBE1CB42057004E1B62 /* GigrUITests */,
				326401E91CA0E90E0002DDBD /* Products */,
				327472974CD45B8A280F3420 /* Pods */,
				7D2B3FC88D1716ABCA15975E /* Frameworks */,
			);
			sourceTree = "<group>";
		};
		326401E91CA0E90E0002DDBD /* Products */ = {
			isa = PBXGroup;
			children = (
				326401E81CA0E90E0002DDBD /* Gigr.app */,
				329E9BBD1CB42057004E1B62 /* GigrUITests.xctest */,
			);
			name = Products;
			sourceTree = "<group>";
		};
		326401EA1CA0E90E0002DDBD /* Gigr */ = {
			isa = PBXGroup;
			children = (
				FF8743AF1D0B5D43002F8AE9 /* Base */,
				FF8743B31D0B5D43002F8AE9 /* Main */,
				FF8743D41D0B5D43002F8AE9 /* Supporting Files */,
			);
			path = Gigr;
			sourceTree = "<group>";
		};
		327472974CD45B8A280F3420 /* Pods */ = {
			isa = PBXGroup;
			children = (
				24C6263ABD781E8EB70F8B8B /* Pods-Gigr.debug.xcconfig */,
				00B505B6498DD75250542765 /* Pods-Gigr.release.xcconfig */,
			);
			name = Pods;
			sourceTree = "<group>";
		};
		329E9BBE1CB42057004E1B62 /* GigrUITests */ = {
			isa = PBXGroup;
			children = (
				329E9BBF1CB42057004E1B62 /* GigrUITests.swift */,
				329E9BC11CB42057004E1B62 /* Info.plist */,
			);
			path = GigrUITests;
			sourceTree = "<group>";
		};
		7D2B3FC88D1716ABCA15975E /* Frameworks */ = {
			isa = PBXGroup;
			children = (
				30F919020F7809593CCBF949 /* Pods_Gigr.framework */,
			);
			name = Frameworks;
			sourceTree = "<group>";
		};
		FF8743AF1D0B5D43002F8AE9 /* Base */ = {
			isa = PBXGroup;
			children = (
				FF8743B01D0B5D43002F8AE9 /* Factory */,
				FF8743B11D0B5D43002F8AE9 /* Services */,
			);
			path = Base;
			sourceTree = "<group>";
		};
		FF8743B01D0B5D43002F8AE9 /* Factory */ = {
			isa = PBXGroup;
			children = (
			);
			path = Factory;
			sourceTree = "<group>";
		};
		FF8743B11D0B5D43002F8AE9 /* Services */ = {
			isa = PBXGroup;
			children = (
				FF8743B21D0B5D43002F8AE9 /* DataService.swift */,
			);
			path = Services;
			sourceTree = "<group>";
		};
		FF8743B31D0B5D43002F8AE9 /* Main */ = {
			isa = PBXGroup;
			children = (
				FF8743B41D0B5D43002F8AE9 /* Controller */,
				FF8743C21D0B5D43002F8AE9 /* Model */,
				FF8743C51D0B5D43002F8AE9 /* View */,
				FF8743D31D0B5D43002F8AE9 /* ViewModel */,
			);
			path = Main;
			sourceTree = "<group>";
		};
		FF8743B41D0B5D43002F8AE9 /* Controller */ = {
			isa = PBXGroup;
			children = (
				FF8743B51D0B5D43002F8AE9 /* AgreementsVC.swift */,
				FF8743B61D0B5D43002F8AE9 /* EditProfileVC.swift */,
				FF8743B71D0B5D43002F8AE9 /* FavoritedPeopleVC.swift */,
				FF8743B81D0B5D43002F8AE9 /* FeedGigsVC.swift */,
				FF8743B91D0B5D43002F8AE9 /* FilterVC.swift */,
				FF8743BA1D0B5D43002F8AE9 /* GigHunterProfileVC.swift */,
				FF8743BB1D0B5D43002F8AE9 /* LoginVC.swift */,
				FF8743BC1D0B5D43002F8AE9 /* MyPostDetailVC.swift */,
				FF8743BD1D0B5D43002F8AE9 /* MyPostsVC.swift */,
				FF8743BE1D0B5D43002F8AE9 /* PostNewGigVC.swift */,
				FF8743BF1D0B5D43002F8AE9 /* PresentationAnimVC.swift */,
				FF8743C01D0B5D43002F8AE9 /* PresentationVC.swift */,
				FF8743C11D0B5D43002F8AE9 /* UserPostsVC.swift */,
			);
			path = Controller;
			sourceTree = "<group>";
		};
		FF8743C21D0B5D43002F8AE9 /* Model */ = {
			isa = PBXGroup;
			children = (
				FF8743C31D0B5D43002F8AE9 /* Gig.swift */,
				FF8743C41D0B5D43002F8AE9 /* GigHunter.swift */,
			);
			path = Model;
			sourceTree = "<group>";
		};
		FF8743C51D0B5D43002F8AE9 /* View */ = {
			isa = PBXGroup;
			children = (
				FF8743C61D0B5D43002F8AE9 /* AnimationEngine.swift */,
				FF8743C71D0B5D43002F8AE9 /* FavButton.swift */,
				FF8743C81D0B5D43002F8AE9 /* FormLabel.swift */,
				FF8743C91D0B5D43002F8AE9 /* GigHunterCell.swift */,
				FF8743CA1D0B5D43002F8AE9 /* LaunchScreen.storyboard */,
				FF8743CB1D0B5D43002F8AE9 /* Main.storyboard */,
				FF8743CC1D0B5D43002F8AE9 /* MaterialButton.swift */,
				FF8743CD1D0B5D43002F8AE9 /* MaterialTextField.swift */,
				FF8743CE1D0B5D43002F8AE9 /* MaterialTextView.swift */,
				FF8743CF1D0B5D43002F8AE9 /* MyPostCell.swift */,
				FF8743D01D0B5D43002F8AE9 /* PostCell.swift */,
				FF8743D11D0B5D43002F8AE9 /* UserPostCell.swift */,
				FF8743D21D0B5D43002F8AE9 /* WhoAppliedCell.swift */,
			);
			path = View;
			sourceTree = "<group>";
		};
		FF8743D31D0B5D43002F8AE9 /* ViewModel */ = {
			isa = PBXGroup;
			children = (
			);
			path = ViewModel;
			sourceTree = "<group>";
		};
		FF8743D41D0B5D43002F8AE9 /* Supporting Files */ = {
			isa = PBXGroup;
			children = (
				FF8743D51D0B5D43002F8AE9 /* AppDelegate.swift */,
				FF8743D61D0B5D43002F8AE9 /* Assets.xcassets */,
				FF8743D71D0B5D43002F8AE9 /* Constants */,
				FF8743D91D0B5D43002F8AE9 /* Gigr-Bridging-Header.h */,
				FF8743DA1D0B5D43002F8AE9 /* Gigr.xcdatamodeld */,
				FF8743DC1D0B5D43002F8AE9 /* Google Autocomplete */,
				FF8743DF1D0B5D43002F8AE9 /* GoogleService-Info.plist */,
				FF8743E01D0B5D43002F8AE9 /* Info.plist */,
				FF8743E11D0B5D43002F8AE9 /* Resources */,
			);
			path = "Supporting Files";
			sourceTree = "<group>";
		};
		FF8743D71D0B5D43002F8AE9 /* Constants */ = {
			isa = PBXGroup;
			children = (
				FF8743D81D0B5D43002F8AE9 /* Constants.swift */,
			);
			path = Constants;
			sourceTree = "<group>";
		};
		FF8743DC1D0B5D43002F8AE9 /* Google Autocomplete */ = {
			isa = PBXGroup;
			children = (
				FF8743DD1D0B5D43002F8AE9 /* GooglePlacesAutocomplete.swift */,
				FF8743DE1D0B5D43002F8AE9 /* GooglePlacesAutocomplete.xib */,
			);
			path = "Google Autocomplete";
			sourceTree = "<group>";
		};
		FF8743E11D0B5D43002F8AE9 /* Resources */ = {
			isa = PBXGroup;
			children = (
				FF8743E21D0B5D43002F8AE9 /* lemon.ttf */,
				FF8743E31D0B5D43002F8AE9 /* NotoSans-Bold.ttf */,
				FF8743E41D0B5D43002F8AE9 /* NotoSans-BoldItalic.ttf */,
				FF8743E51D0B5D43002F8AE9 /* NotoSans-Italic.ttf */,
				FF8743E61D0B5D43002F8AE9 /* NotoSans-Regular.ttf */,
			);
			path = Resources;
			sourceTree = "<group>";
		};
/* End PBXGroup section */

/* Begin PBXNativeTarget section */
		326401E71CA0E90E0002DDBD /* Gigr */ = {
			isa = PBXNativeTarget;
			buildConfigurationList = 326401FD1CA0E90E0002DDBD /* Build configuration list for PBXNativeTarget "Gigr" */;
			buildPhases = (
				770E61F7F5171A639B8C95FD /* [CP] Check Pods Manifest.lock */,
				326401E41CA0E90E0002DDBD /* Sources */,
				326401E51CA0E90E0002DDBD /* Frameworks */,
				326401E61CA0E90E0002DDBD /* Resources */,
				B8DE2D7AC6FEA41600A698EA /* [CP] Embed Pods Frameworks */,
				4784983C2F4C74C7E34BD436 /* [CP] Copy Pods Resources */,
			);
			buildRules = (
			);
			dependencies = (
			);
			name = Gigr;
			productName = Gigr;
			productReference = 326401E81CA0E90E0002DDBD /* Gigr.app */;
			productType = "com.apple.product-type.application";
		};
		329E9BBC1CB42057004E1B62 /* GigrUITests */ = {
			isa = PBXNativeTarget;
			buildConfigurationList = 329E9BC41CB42057004E1B62 /* Build configuration list for PBXNativeTarget "GigrUITests" */;
			buildPhases = (
				329E9BB91CB42057004E1B62 /* Sources */,
				329E9BBA1CB42057004E1B62 /* Frameworks */,
				329E9BBB1CB42057004E1B62 /* Resources */,
			);
			buildRules = (
			);
			dependencies = (
				329E9BC31CB42057004E1B62 /* PBXTargetDependency */,
			);
			name = GigrUITests;
			productName = GigrUITests;
			productReference = 329E9BBD1CB42057004E1B62 /* GigrUITests.xctest */;
			productType = "com.apple.product-type.bundle.ui-testing";
		};
/* End PBXNativeTarget section */

/* Begin PBXProject section */
		326401E01CA0E90E0002DDBD /* Project object */ = {
			isa = PBXProject;
			attributes = {
				LastSwiftUpdateCheck = 0730;
				LastUpgradeCheck = 0720;
				ORGANIZATIONNAME = Kenza;
				TargetAttributes = {
					326401E71CA0E90E0002DDBD = {
						CreatedOnToolsVersion = 7.2.1;
						DevelopmentTeam = KNLZU6LSZY;
						SystemCapabilities = {
							com.apple.Push = {
								enabled = 1;
							};
						};
					};
					329E9BBC1CB42057004E1B62 = {
						CreatedOnToolsVersion = 7.3;
						TestTargetID = 326401E71CA0E90E0002DDBD;
					};
				};
			};
			buildConfigurationList = 326401E31CA0E90E0002DDBD /* Build configuration list for PBXProject "Gigr" */;
			compatibilityVersion = "Xcode 3.2";
			developmentRegion = English;
			hasScannedForEncodings = 0;
			knownRegions = (
				en,
				Base,
			);
			mainGroup = 326401DF1CA0E90E0002DDBD;
			productRefGroup = 326401E91CA0E90E0002DDBD /* Products */;
			projectDirPath = "";
			projectRoot = "";
			targets = (
				326401E71CA0E90E0002DDBD /* Gigr */,
				329E9BBC1CB42057004E1B62 /* GigrUITests */,
			);
		};
/* End PBXProject section */

/* Begin PBXResourcesBuildPhase section */
		326401E61CA0E90E0002DDBD /* Resources */ = {
			isa = PBXResourcesBuildPhase;
			buildActionMask = 2147483647;
			files = (
				FF87440B1D0B5D43002F8AE9 /* Info.plist in Resources */,
				FF87440A1D0B5D43002F8AE9 /* GoogleService-Info.plist in Resources */,
				FF8743FC1D0B5D43002F8AE9 /* Main.storyboard in Resources */,
				FF8744101D0B5D43002F8AE9 /* NotoSans-Regular.ttf in Resources */,
				FF87440D1D0B5D43002F8AE9 /* NotoSans-Bold.ttf in Resources */,
				FF87440C1D0B5D43002F8AE9 /* lemon.ttf in Resources */,
				FF8744051D0B5D43002F8AE9 /* Assets.xcassets in Resources */,
				FF8744091D0B5D43002F8AE9 /* GooglePlacesAutocomplete.xib in Resources */,
				FF87440E1D0B5D43002F8AE9 /* NotoSans-BoldItalic.ttf in Resources */,
				FF87440F1D0B5D43002F8AE9 /* NotoSans-Italic.ttf in Resources */,
				FF8743FB1D0B5D43002F8AE9 /* LaunchScreen.storyboard in Resources */,
			);
			runOnlyForDeploymentPostprocessing = 0;
		};
		329E9BBB1CB42057004E1B62 /* Resources */ = {
			isa = PBXResourcesBuildPhase;
			buildActionMask = 2147483647;
			files = (
			);
			runOnlyForDeploymentPostprocessing = 0;
		};
/* End PBXResourcesBuildPhase section */

/* Begin PBXShellScriptBuildPhase section */
		4784983C2F4C74C7E34BD436 /* [CP] Copy Pods Resources */ = {
			isa = PBXShellScriptBuildPhase;
			buildActionMask = 2147483647;
			files = (
			);
			inputPaths = (
			);
			name = "[CP] Copy Pods Resources";
			outputPaths = (
			);
			runOnlyForDeploymentPostprocessing = 0;
			shellPath = /bin/sh;
			shellScript = "\"${SRCROOT}/Pods/Target Support Files/Pods-Gigr/Pods-Gigr-resources.sh\"\n";
			showEnvVarsInLog = 0;
		};
		770E61F7F5171A639B8C95FD /* [CP] Check Pods Manifest.lock */ = {
			isa = PBXShellScriptBuildPhase;
			buildActionMask = 2147483647;
			files = (
			);
			inputPaths = (
			);
			name = "[CP] Check Pods Manifest.lock";
			outputPaths = (
			);
			runOnlyForDeploymentPostprocessing = 0;
			shellPath = /bin/sh;
			shellScript = "diff \"${PODS_ROOT}/../Podfile.lock\" \"${PODS_ROOT}/Manifest.lock\" > /dev/null\nif [[ $? != 0 ]] ; then\n    cat << EOM\nerror: The sandbox is not in sync with the Podfile.lock. Run 'pod install' or update your CocoaPods installation.\nEOM\n    exit 1\nfi\n";
			showEnvVarsInLog = 0;
		};
		B8DE2D7AC6FEA41600A698EA /* [CP] Embed Pods Frameworks */ = {
			isa = PBXShellScriptBuildPhase;
			buildActionMask = 2147483647;
			files = (
			);
			inputPaths = (
			);
			name = "[CP] Embed Pods Frameworks";
			outputPaths = (
			);
			runOnlyForDeploymentPostprocessing = 0;
			shellPath = /bin/sh;
			shellScript = "\"${SRCROOT}/Pods/Target Support Files/Pods-Gigr/Pods-Gigr-frameworks.sh\"\n";
			showEnvVarsInLog = 0;
		};
/* End PBXShellScriptBuildPhase section */

/* Begin PBXSourcesBuildPhase section */
		326401E41CA0E90E0002DDBD /* Sources */ = {
			isa = PBXSourcesBuildPhase;
			buildActionMask = 2147483647;
			files = (
				FF8744001D0B5D43002F8AE9 /* MyPostCell.swift in Sources */,
				FF8743F11D0B5D43002F8AE9 /* PostNewGigVC.swift in Sources */,
				FF8744011D0B5D43002F8AE9 /* PostCell.swift in Sources */,
				FF8743F61D0B5D43002F8AE9 /* GigHunter.swift in Sources */,
				FF8743EF1D0B5D43002F8AE9 /* MyPostDetailVC.swift in Sources */,
				FF8743F21D0B5D43002F8AE9 /* PresentationAnimVC.swift in Sources */,
				FF8743F81D0B5D43002F8AE9 /* FavButton.swift in Sources */,
				FF8743FA1D0B5D43002F8AE9 /* GigHunterCell.swift in Sources */,
				FF8743F91D0B5D43002F8AE9 /* FormLabel.swift in Sources */,
				FF8743FD1D0B5D43002F8AE9 /* MaterialButton.swift in Sources */,
				FF8744081D0B5D43002F8AE9 /* GooglePlacesAutocomplete.swift in Sources */,
				FF8743FF1D0B5D43002F8AE9 /* MaterialTextView.swift in Sources */,
				FF8744021D0B5D43002F8AE9 /* UserPostCell.swift in Sources */,
				FF8743F01D0B5D43002F8AE9 /* MyPostsVC.swift in Sources */,
				FF8743F41D0B5D43002F8AE9 /* UserPostsVC.swift in Sources */,
				FF8744031D0B5D43002F8AE9 /* WhoAppliedCell.swift in Sources */,
				FF8743F51D0B5D43002F8AE9 /* Gig.swift in Sources */,
				FF8743ED1D0B5D43002F8AE9 /* GigHunterProfileVC.swift in Sources */,
				FF8744061D0B5D43002F8AE9 /* Constants.swift in Sources */,
				FF8743E81D0B5D43002F8AE9 /* AgreementsVC.swift in Sources */,
				FF8743EB1D0B5D43002F8AE9 /* FeedGigsVC.swift in Sources */,
				FF8743E91D0B5D43002F8AE9 /* EditProfileVC.swift in Sources */,
				FF8743FE1D0B5D43002F8AE9 /* MaterialTextField.swift in Sources */,
				FF8743E71D0B5D43002F8AE9 /* DataService.swift in Sources */,
				FF8743F71D0B5D43002F8AE9 /* AnimationEngine.swift in Sources */,
				FF8744071D0B5D43002F8AE9 /* Gigr.xcdatamodeld in Sources */,
				FF8743F31D0B5D43002F8AE9 /* PresentationVC.swift in Sources */,
				FF8743EC1D0B5D43002F8AE9 /* FilterVC.swift in Sources */,
				FF8743EA1D0B5D43002F8AE9 /* FavoritedPeopleVC.swift in Sources */,
				FF8743EE1D0B5D43002F8AE9 /* LoginVC.swift in Sources */,
				FF8744041D0B5D43002F8AE9 /* AppDelegate.swift in Sources */,
			);
			runOnlyForDeploymentPostprocessing = 0;
		};
		329E9BB91CB42057004E1B62 /* Sources */ = {
			isa = PBXSourcesBuildPhase;
			buildActionMask = 2147483647;
			files = (
				329E9BC01CB42057004E1B62 /* GigrUITests.swift in Sources */,
			);
			runOnlyForDeploymentPostprocessing = 0;
		};
/* End PBXSourcesBuildPhase section */

/* Begin PBXTargetDependency section */
		329E9BC31CB42057004E1B62 /* PBXTargetDependency */ = {
			isa = PBXTargetDependency;
			target = 326401E71CA0E90E0002DDBD /* Gigr */;
			targetProxy = 329E9BC21CB42057004E1B62 /* PBXContainerItemProxy */;
		};
/* End PBXTargetDependency section */

/* Begin XCBuildConfiguration section */
		326401FB1CA0E90E0002DDBD /* Debug */ = {
			isa = XCBuildConfiguration;
			buildSettings = {
				ALWAYS_SEARCH_USER_PATHS = NO;
				CLANG_CXX_LANGUAGE_STANDARD = "gnu++0x";
				CLANG_CXX_LIBRARY = "libc++";
				CLANG_ENABLE_MODULES = YES;
				CLANG_ENABLE_OBJC_ARC = YES;
				CLANG_WARN_BOOL_CONVERSION = YES;
				CLANG_WARN_CONSTANT_CONVERSION = YES;
				CLANG_WARN_DIRECT_OBJC_ISA_USAGE = YES_ERROR;
				CLANG_WARN_EMPTY_BODY = YES;
				CLANG_WARN_ENUM_CONVERSION = YES;
				CLANG_WARN_INT_CONVERSION = YES;
				CLANG_WARN_OBJC_ROOT_CLASS = YES_ERROR;
				CLANG_WARN_UNREACHABLE_CODE = YES;
				CLANG_WARN__DUPLICATE_METHOD_MATCH = YES;
				CODE_SIGN_IDENTITY = "";
				"CODE_SIGN_IDENTITY[sdk=iphoneos*]" = "";
				COPY_PHASE_STRIP = NO;
				DEBUG_INFORMATION_FORMAT = dwarf;
				ENABLE_STRICT_OBJC_MSGSEND = YES;
				ENABLE_TESTABILITY = YES;
				GCC_C_LANGUAGE_STANDARD = gnu99;
				GCC_DYNAMIC_NO_PIC = NO;
				GCC_NO_COMMON_BLOCKS = YES;
				GCC_OPTIMIZATION_LEVEL = 0;
				GCC_PREPROCESSOR_DEFINITIONS = (
					"DEBUG=1",
					"$(inherited)",
				);
				GCC_WARN_64_TO_32_BIT_CONVERSION = YES;
				GCC_WARN_ABOUT_RETURN_TYPE = YES_ERROR;
				GCC_WARN_UNDECLARED_SELECTOR = YES;
				GCC_WARN_UNINITIALIZED_AUTOS = YES_AGGRESSIVE;
				GCC_WARN_UNUSED_FUNCTION = YES;
				GCC_WARN_UNUSED_VARIABLE = YES;
				IPHONEOS_DEPLOYMENT_TARGET = 9.2;
				MTL_ENABLE_DEBUG_INFO = YES;
				ONLY_ACTIVE_ARCH = YES;
				PROVISIONING_PROFILE = "";
				SDKROOT = iphoneos;
				SWIFT_OPTIMIZATION_LEVEL = "-Onone";
				TARGETED_DEVICE_FAMILY = "1,2";
			};
			name = Debug;
		};
		326401FC1CA0E90E0002DDBD /* Release */ = {
			isa = XCBuildConfiguration;
			buildSettings = {
				ALWAYS_SEARCH_USER_PATHS = NO;
				CLANG_CXX_LANGUAGE_STANDARD = "gnu++0x";
				CLANG_CXX_LIBRARY = "libc++";
				CLANG_ENABLE_MODULES = YES;
				CLANG_ENABLE_OBJC_ARC = YES;
				CLANG_WARN_BOOL_CONVERSION = YES;
				CLANG_WARN_CONSTANT_CONVERSION = YES;
				CLANG_WARN_DIRECT_OBJC_ISA_USAGE = YES_ERROR;
				CLANG_WARN_EMPTY_BODY = YES;
				CLANG_WARN_ENUM_CONVERSION = YES;
				CLANG_WARN_INT_CONVERSION = YES;
				CLANG_WARN_OBJC_ROOT_CLASS = YES_ERROR;
				CLANG_WARN_UNREACHABLE_CODE = YES;
				CLANG_WARN__DUPLICATE_METHOD_MATCH = YES;
				CODE_SIGN_IDENTITY = "";
				"CODE_SIGN_IDENTITY[sdk=iphoneos*]" = "";
				COPY_PHASE_STRIP = NO;
				DEBUG_INFORMATION_FORMAT = "dwarf-with-dsym";
				ENABLE_NS_ASSERTIONS = NO;
				ENABLE_STRICT_OBJC_MSGSEND = YES;
				GCC_C_LANGUAGE_STANDARD = gnu99;
				GCC_NO_COMMON_BLOCKS = YES;
				GCC_WARN_64_TO_32_BIT_CONVERSION = YES;
				GCC_WARN_ABOUT_RETURN_TYPE = YES_ERROR;
				GCC_WARN_UNDECLARED_SELECTOR = YES;
				GCC_WARN_UNINITIALIZED_AUTOS = YES_AGGRESSIVE;
				GCC_WARN_UNUSED_FUNCTION = YES;
				GCC_WARN_UNUSED_VARIABLE = YES;
				IPHONEOS_DEPLOYMENT_TARGET = 9.2;
				MTL_ENABLE_DEBUG_INFO = NO;
				PROVISIONING_PROFILE = "";
				SDKROOT = iphoneos;
				TARGETED_DEVICE_FAMILY = "1,2";
				VALIDATE_PRODUCT = YES;
			};
			name = Release;
		};
		326401FE1CA0E90E0002DDBD /* Debug */ = {
			isa = XCBuildConfiguration;
			baseConfigurationReference = 24C6263ABD781E8EB70F8B8B /* Pods-Gigr.debug.xcconfig */;
			buildSettings = {
				ASSETCATALOG_COMPILER_APPICON_NAME = AppIcon;
				CLANG_ENABLE_MODULES = YES;
				CODE_SIGN_IDENTITY = "iPhone Developer: Kenza Iraki (9Q9Y64H339)";
				"CODE_SIGN_IDENTITY[sdk=iphoneos*]" = "iPhone Developer: Kenza Iraki (9Q9Y64H339)";
				INFOPLIST_FILE = "Gigr/Supporting Files/Info.plist";
				LD_RUNPATH_SEARCH_PATHS = "$(inherited) @executable_path/Frameworks";
				PRODUCT_BUNDLE_IDENTIFIER = com.Kenny.Gigr;
				PRODUCT_NAME = "$(TARGET_NAME)";
				PROVISIONING_PROFILE = "7c124692-64f5-48fe-b56a-bd63ff06a182";
				SWIFT_OBJC_BRIDGING_HEADER = "Gigr/Supporting Files/Gigr-Bridging-Header.h";
				SWIFT_OPTIMIZATION_LEVEL = "-Onone";
				TARGETED_DEVICE_FAMILY = 1;
			};
			name = Debug;
		};
		326401FF1CA0E90E0002DDBD /* Release */ = {
			isa = XCBuildConfiguration;
			baseConfigurationReference = 00B505B6498DD75250542765 /* Pods-Gigr.release.xcconfig */;
			buildSettings = {
				ASSETCATALOG_COMPILER_APPICON_NAME = AppIcon;
				CLANG_ENABLE_MODULES = YES;
				CODE_SIGN_IDENTITY = "iPhone Distribution: Kenza Iraki (KNLZU6LSZY)";
				"CODE_SIGN_IDENTITY[sdk=iphoneos*]" = "iPhone Distribution: Kenza Iraki (KNLZU6LSZY)";
				INFOPLIST_FILE = "Gigr/Supporting Files/Info.plist";
				LD_RUNPATH_SEARCH_PATHS = "$(inherited) @executable_path/Frameworks";
				PRODUCT_BUNDLE_IDENTIFIER = com.Kenny.Gigr;
				PRODUCT_NAME = "$(TARGET_NAME)";
				PROVISIONING_PROFILE = "4cc9724d-647c-4dfd-9cab-b1324eea392f";
				SWIFT_OBJC_BRIDGING_HEADER = "Gigr/Supporting Files/Gigr-Bridging-Header.h";
				TARGETED_DEVICE_FAMILY = 1;
			};
			name = Release;
		};
		329E9BC51CB42057004E1B62 /* Debug */ = {
			isa = XCBuildConfiguration;
			buildSettings = {
				CLANG_ANALYZER_NONNULL = YES;
				INFOPLIST_FILE = GigrUITests/Info.plist;
				IPHONEOS_DEPLOYMENT_TARGET = 9.3;
				LD_RUNPATH_SEARCH_PATHS = "$(inherited) @executable_path/Frameworks @loader_path/Frameworks";
				PRODUCT_BUNDLE_IDENTIFIER = com.Kenny.GigrUITests;
				PRODUCT_NAME = "$(TARGET_NAME)";
				TEST_TARGET_NAME = Gigr;
			};
			name = Debug;
		};
		329E9BC61CB42057004E1B62 /* Release */ = {
			isa = XCBuildConfiguration;
			buildSettings = {
				CLANG_ANALYZER_NONNULL = YES;
				INFOPLIST_FILE = GigrUITests/Info.plist;
				IPHONEOS_DEPLOYMENT_TARGET = 9.3;
				LD_RUNPATH_SEARCH_PATHS = "$(inherited) @executable_path/Frameworks @loader_path/Frameworks";
				PRODUCT_BUNDLE_IDENTIFIER = com.Kenny.GigrUITests;
				PRODUCT_NAME = "$(TARGET_NAME)";
				TEST_TARGET_NAME = Gigr;
			};
			name = Release;
		};
/* End XCBuildConfiguration section */

/* Begin XCConfigurationList section */
		326401E31CA0E90E0002DDBD /* Build configuration list for PBXProject "Gigr" */ = {
			isa = XCConfigurationList;
			buildConfigurations = (
				326401FB1CA0E90E0002DDBD /* Debug */,
				326401FC1CA0E90E0002DDBD /* Release */,
			);
			defaultConfigurationIsVisible = 0;
			defaultConfigurationName = Release;
		};
		326401FD1CA0E90E0002DDBD /* Build configuration list for PBXNativeTarget "Gigr" */ = {
			isa = XCConfigurationList;
			buildConfigurations = (
				326401FE1CA0E90E0002DDBD /* Debug */,
				326401FF1CA0E90E0002DDBD /* Release */,
			);
			defaultConfigurationIsVisible = 0;
			defaultConfigurationName = Release;
		};
		329E9BC41CB42057004E1B62 /* Build configuration list for PBXNativeTarget "GigrUITests" */ = {
			isa = XCConfigurationList;
			buildConfigurations = (
				329E9BC51CB42057004E1B62 /* Debug */,
				329E9BC61CB42057004E1B62 /* Release */,
			);
			defaultConfigurationIsVisible = 0;
			defaultConfigurationName = Release;
		};
/* End XCConfigurationList section */

/* Begin XCVersionGroup section */
		FF8743DA1D0B5D43002F8AE9 /* Gigr.xcdatamodeld */ = {
			isa = XCVersionGroup;
			children = (
				FF8743DB1D0B5D43002F8AE9 /* Gigr.xcdatamodel */,
			);
			currentVersion = FF8743DB1D0B5D43002F8AE9 /* Gigr.xcdatamodel */;
			path = Gigr.xcdatamodeld;
			sourceTree = "<group>";
			versionGroupType = wrapper.xcdatamodel;
		};
/* End XCVersionGroup section */
	};
	rootObject = 326401E01CA0E90E0002DDBD /* Project object */;
}
